
Microsoft Visual Studio Solution File, Format Version 12.00
# Visual Studio 15
VisualStudioVersion = 15.0.28010.2003
MinimumVisualStudioVersion = 10.0.40219.1
Project("{FAE04EC0-301F-11D3-BF4B-00C04F79EFBC}") = "QuickRename", "QuickRename\QuickRename.csproj", "{4266C719-2C99-4BA1-AD88-95C44F15CD97}"
EndProject
Global
	GlobalSection(SolutionConfigurationPlatforms) = preSolution
		Debug|Any CPU = Debug|Any CPU
		Release|Any CPU = Release|Any CPU
	EndGlobalSection
	GlobalSection(ProjectConfigurationPlatforms) = postSolution
		{4266C719-2C99-4BA1-AD88-95C44F15CD97}.Debug|Any CPU.ActiveCfg = Debug|Any CPU
		{4266C719-2C99-4BA1-AD88-95C44F15CD97}.Debug|Any CPU.Build.0 = Debug|Any CPU
		{4266C719-2C99-4BA1-AD88-95C44F15CD97}.Release|Any CPU.ActiveCfg = Release|Any CPU
		{4266C719-2C99-4BA1-AD88-95C44F15CD97}.Release|Any CPU.Build.0 = Release|Any CPU
	EndGlobalSection
	GlobalSection(SolutionProperties) = preSolution
		HideSolutionNode = FALSE
	EndGlobalSection
	GlobalSection(ExtensibilityGlobals) = postSolution
		SolutionGuid = {F268A089-46AE-4D73-BD8B-7B553219CC60}
	EndGlobalSection
EndGlobal
